github.com/apache/arrow-go/v18 v18.4.1 h1:q/jVkBWCJOB9reDgaIZIdruLQUb1kbkvOnOFezVH1C4=
github.com/apache/arrow-go/v18 v18.4.1/go.mod h1:tLyFubsAl17bvFdUAy24bsSvA/6ww95Iqi67fTpGu3E=
github.com/aws/aws-sdk-go-v2 v1.40.0 h1:/WMUA0kjhZExjOQN2z3oLALDREea1A7TobfuiBrKlwc=
github.com/aws/aws-sdk-go-v2 v1.40.0/go.mod h1:c9pm7VwuW0UPxAEYGyTmyurVcNrbF6Rt/wixFqDhcjE=
github.com/aws/aws-sdk-go-v2 v1.40.1 h1:difXb4maDZkRH0x//Qkwcfpdg1XQVXEAEs2DdXldFFc=
github.com/aws/aws-sdk-go-v2 v1.40.1/go.mod h1:MayyLB8y+buD9hZqkCW3kX1AKq07Y5pXxtgB+rRFhz0=
github.com/aws/aws-sdk-go-v2/aws/protocol/eventstream v1.7.3 h1:DHctwEM8P8iTXFxC/QK0MRjwEpWQeM9yzidCRjldUz0=
github.com/aws/aws-sdk-go-v2/aws/protocol/eventstream v1.7.3/go.mod h1:xdCzcZEtnSTKVDOmUZs4l/j3pSV6rpo1WXl5ugNsL8Y=
github.com/aws/aws-sdk-go-v2/aws/protocol/eventstream v1.7.4 h1:489krEF9xIGkOaaX3CE/Be2uWjiXrkCH6gUX+bZA/BU=
github.com/aws/aws-sdk-go-v2/aws/protocol/eventstream v1.7.4/go.mod h1:IOAPF6oT9KCsceNTvvYMNHy0+kMF8akOjeDvPENWxp4=
github.com/aws/aws-sdk-go-v2/config v1.32.2 h1:4liUsdEpUUPZs5WVapsJLx5NPmQhQdez7nYFcovrytk=
github.com/aws/aws-sdk-go-v2/config v1.32.2/go.mod h1:l0hs06IFz1eCT+jTacU/qZtC33nvcnLADAPL/XyrkZI=
github.com/aws/aws-sdk-go-v2/config v1.32.3 h1:cpz7H2uMNTDa0h/5CYL5dLUEzPSLo2g0NkbxTRJtSSU=
github.com/aws/aws-sdk-go-v2/config v1.32.3/go.mod h1:srtPKaJJe3McW6T/+GMBZyIPc+SeqJsNPJsd4mOYZ6s=
github.com/aws/aws-sdk-go-v2/credentials v1.19.2 h1:qZry8VUyTK4VIo5aEdUcBjPZHL2v4FyQ3QEOaWcFLu4=
github.com/aws/aws-sdk-go-v2/credentials v1.19.2/go.mod h1:YUqm5a1/kBnoK+/NY5WEiMocZihKSo15/tJdmdXnM5g=
github.com/aws/aws-sdk-go-v2/credentials v1.19.3 h1:01Ym72hK43hjwDeJUfi1l2oYLXBAOR8gNSZNmXmvuas=
github.com/aws/aws-sdk-go-v2/credentials v1.19.3/go.mod h1:55nWF/Sr9Zvls0bGnWkRxUdhzKqj9uRNlPvgV1vgxKc=
github.com/aws/aws-sdk-go-v2/feature/ec2/imds v1.18.14 h1:WZVR5DbDgxzA0BJeudId89Kmgy6DIU4ORpxwsVHz0qA=
github.com/aws/aws-sdk-go-v2/feature/ec2/imds v1.18.14/go.mod h1:Dadl9QO0kHgbrH1GRqGiZdYtW5w+IXXaBNCHTIaheM4=
github.com/aws/aws-sdk-go-v2/feature/ec2/imds v1.18.15 h1:utxLraaifrSBkeyII9mIbVwXXWrZdlPO7FIKmyLCEcY=
github.com/aws/aws-sdk-go-v2/feature/ec2/imds v1.18.15/go.mod h1:hW6zjYUDQwfz3icf4g2O41PHi77u10oAzJ84iSzR/lo=
github.com/aws/aws-sdk-go-v2/internal/configsources v1.4.14 h1:PZHqQACxYb8mYgms4RZbhZG0a7dPW06xOjmaH0EJC/I=
github.com/aws/aws-sdk-go-v2/internal/configsources v1.4.14/go.mod h1:VymhrMJUWs69D8u0/lZ7jSB6WgaG/NqHi3gX0aYf6U0=
github.com/aws/aws-sdk-go-v2/internal/configsources v1.4.15 h1:Y5YXgygXwDI5P4RkteB5yF7v35neH7LfJKBG+hzIons=
github.com/aws/aws-sdk-go-v2/internal/configsources v1.4.15/go.mod h1:K+/1EpG42dFSY7CBj+Fruzm8PsCGWTXJ3jdeJ659oGQ=
github.com/aws/aws-sdk-go-v2/internal/endpoints/v2 v2.7.14 h1:bOS19y6zlJwagBfHxs0ESzr1XCOU2KXJCWcq3E2vfjY=
github.com/aws/aws-sdk-go-v2/internal/endpoints/v2 v2.7.14/go.mod h1:1ipeGBMAxZ0xcTm6y6paC2C/J6f6OO7LBODV9afuAyM=
github.com/aws/aws-sdk-go-v2/internal/endpoints/v2 v2.7.15 h1:AvltKnW9ewxX2hFmQS0FyJH93aSvJVUEFvXfU+HWtSE=
github.com/aws/aws-sdk-go-v2/internal/endpoints/v2 v2.7.15/go.mod h1:3I4oCdZdmgrREhU74qS1dK9yZ62yumob+58AbFR4cQA=
github.com/aws/aws-sdk-go-v2/internal/ini v1.8.4 h1:WKuaxf++XKWlHWu9ECbMlha8WOEGm0OUEZqm4K/Gcfk=
github.com/aws/aws-sdk-go-v2/internal/ini v1.8.4/go.mod h1:ZWy7j6v1vWGmPReu0iSGvRiise4YI5SkR3OHKTZ6Wuc=
github.com/aws/aws-sdk-go-v2/internal/v4a v1.4.14 h1:ITi7qiDSv/mSGDSWNpZ4k4Ve0DQR6Ug2SJQ8zEHoDXg=
github.com/aws/aws-sdk-go-v2/internal/v4a v1.4.14/go.mod h1:k1xtME53H1b6YpZt74YmwlONMWf4ecM+lut1WQLAF/U=
github.com/aws/aws-sdk-go-v2/internal/v4a v1.4.15 h1:NLYTEyZmVZo0Qh183sC8nC+ydJXOOeIL/qI/sS3PdLY=
github.com/aws/aws-sdk-go-v2/internal/v4a v1.4.15/go.mod h1:Z803iB3B0bc8oJV8zH2PERLRfQUJ2n2BXISpsA4+O1M=
github.com/aws/aws-sdk-go-v2/service/internal/accept-encoding v1.13.3 h1:x2Ibm/Af8Fi+BH+Hsn9TXGdT+hKbDd5XOTZxTMxDk7o=
github.com/aws/aws-sdk-go-v2/service/internal/accept-encoding v1.13.3/go.mod h1:IW1jwyrQgMdhisceG8fQLmQIydcT/jWY21rFhzgaKwo=
github.com/aws/aws-sdk-go-v2/service/internal/accept-encoding v1.13.4 h1:0ryTNEdJbzUCEWkVXEXoqlXV72J5keC1GvILMOuD00E=
github.com/aws/aws-sdk-go-v2/service/internal/accept-encoding v1.13.4/go.mod h1:HQ4qwNZh32C3CBeO6iJLQlgtMzqeG17ziAA/3KDJFow=
github.com/aws/aws-sdk-go-v2/service/internal/checksum v1.9.5 h1:Hjkh7kE6D81PgrHlE/m9gx+4TyyeLHuY8xJs7yXN5C4=
github.com/aws/aws-sdk-go-v2/service/internal/checksum v1.9.5/go.mod h1:nPRXgyCfAurhyaTMoBMwRBYBhaHI4lNPAnJmjM0Tslc=
github.com/aws/aws-sdk-go-v2/service/internal/checksum v1.9.6 h1:P1MU/SuhadGvg2jtviDXPEejU3jBNhoeeAlRadHzvHI=
github.com/aws/aws-sdk-go-v2/service/internal/checksum v1.9.6/go.mod h1:5KYaMG6wmVKMFBSfWoyG/zH8pWwzQFnKgpoSRlXHKdQ=
github.com/aws/aws-sdk-go-v2/service/internal/presigned-url v1.13.14 h1:FIouAnCE46kyYqyhs0XEBDFFSREtdnr8HQuLPQPLCrY=
github.com/aws/aws-sdk-go-v2/service/internal/presigned-url v1.13.14/go.mod h1:UTwDc5COa5+guonQU8qBikJo1ZJ4ln2r1MkF7Dqag1E=
github.com/aws/aws-sdk-go-v2/service/internal/presigned-url v1.13.15 h1:3/u/4yZOffg5jdNk1sDpOQ4Y+R6Xbh+GzpDrSZjuy3U=
github.com/aws/aws-sdk-go-v2/service/internal/presigned-url v1.13.15/go.mod h1:4Zkjq0FKjE78NKjabuM4tRXKFzUJWXgP0ItEZK8l7JU=
github.com/aws/aws-sdk-go-v2/service/internal/s3shared v1.19.14 h1:FzQE21lNtUor0Fb7QNgnEyiRCBlolLTX/Z1j65S7teM=
github.com/aws/aws-sdk-go-v2/service/internal/s3shared v1.19.14/go.mod h1:s1ydyWG9pm3ZwmmYN21HKyG9WzAZhYVW85wMHs5FV6w=
github.com/aws/aws-sdk-go-v2/service/internal/s3shared v1.19.15 h1:wsSQ4SVz5YE1crz0Ap7VBZrV4nNqZt4CIBBT8mnwoNc=
github.com/aws/aws-sdk-go-v2/service/internal/s3shared v1.19.15/go.mod h1:I7sditnFGtYMIqPRU1QoHZAUrXkGp4SczmlLwrNPlD0=
github.com/aws/aws-sdk-go-v2/service/s3 v1.92.1 h1:OgQy/+0+Kc3khtqiEOk23xQAglXi3Tj0y5doOxbi5tg=
github.com/aws/aws-sdk-go-v2/service/s3 v1.92.1/go.mod h1:wYNqY3L02Z3IgRYxOBPH9I1zD9Cjh9hI5QOy/eOjQvw=
github.com/aws/aws-sdk-go-v2/service/s3 v1.93.0 h1:IrbE3B8O9pm3lsg96AXIN5MXX4pECEuExh/A0Du3AuI=
github.com/aws/aws-sdk-go-v2/service/s3 v1.93.0/go.mod h1:/sJLzHtiiZvs6C1RbxS/anSAFwZD6oC6M/kotQzOiLw=
github.com/aws/aws-sdk-go-v2/service/signin v1.0.2 h1:MxMBdKTYBjPQChlJhi4qlEueqB1p1KcbTEa7tD5aqPs=
github.com/aws/aws-sdk-go-v2/service/signin v1.0.2/go.mod h1:iS6EPmNeqCsGo+xQmXv0jIMjyYtQfnwg36zl2FwEouk=
github.com/aws/aws-sdk-go-v2/service/signin v1.0.3 h1:d/6xOGIllc/XW1lzG9a4AUBMmpLA9PXcQnVPTuHHcik=
github.com/aws/aws-sdk-go-v2/service/signin v1.0.3/go.mod h1:fQ7E7Qj9GiW8y0ClD7cUJk3Bz5Iw8wZkWDHsTe8vDKs=
github.com/aws/aws-sdk-go-v2/service/sso v1.30.5 h1:ksUT5KtgpZd3SAiFJNJ0AFEJVva3gjBmN7eXUZjzUwQ=
github.com/aws/aws-sdk-go-v2/service/sso v1.30.5/go.mod h1:av+ArJpoYf3pgyrj6tcehSFW+y9/QvAY8kMooR9bZCw=
github.com/aws/aws-sdk-go-v2/service/sso v1.30.6 h1:8sTTiw+9yuNXcfWeqKF2x01GqCF49CpP4Z9nKrrk/ts=
github.com/aws/aws-sdk-go-v2/service/sso v1.30.6/go.mod h1:8WYg+Y40Sn3X2hioaaWAAIngndR8n1XFdRPPX+7QBaM=
github.com/aws/aws-sdk-go-v2/service/ssooidc v1.35.10 h1:GtsxyiF3Nd3JahRBJbxLCCdYW9ltGQYrFWg8XdkGDd8=
github.com/aws/aws-sdk-go-v2/service/ssooidc v1.35.10/go.mod h1:/j67Z5XBVDx8nZVp9EuFM9/BS5dvBznbqILGuu73hug=
github.com/aws/aws-sdk-go-v2/service/ssooidc v1.35.11 h1:E+KqWoVsSrj1tJ6I/fjDIu5xoS2Zacuu1zT+H7KtiIk=
github.com/aws/aws-sdk-go-v2/service/ssooidc v1.35.11/go.mod h1:qyWHz+4lvkXcr3+PoGlGHEI+3DLLiU6/GdrFfMaAhB0=
github.com/aws/aws-sdk-go-v2/service/sts v1.41.2 h1:a5UTtD4mHBU3t0o6aHQZFJTNKVfxFWfPX7J0Lr7G+uY=
github.com/aws/aws-sdk-go-v2/service/sts v1.41.2/go.mod h1:6TxbXoDSgBQ225Qd8Q+MbxUxUh6TtNKwbRt/EPS9xso=
github.com/aws/aws-sdk-go-v2/service/sts v1.41.3 h1:tzMkjh0yTChUqJDgGkcDdxvZDSrJ/WB6R6ymI5ehqJI=
github.com/aws/aws-sdk-go-v2/service/sts v1.41.3/go.mod h1:T270C0R5sZNLbWUe8ueiAF42XSZxxPocTaGSgs5c/60=
github.com/aws/smithy-go v1.23.2 h1:Crv0eatJUQhaManss33hS5r40CG3ZFH+21XSkqMrIUM=
github.com/aws/smithy-go v1.23.2/go.mod h1:LEj2LM3rBRQJxPZTB4KuzZkaZYnZPnvgIhb4pu07mx0=
github.com/aws/smithy-go v1.24.0 h1:LpilSUItNPFr1eY85RYgTIg5eIEPtvFbskaFcmmIUnk=
github.com/aws/smithy-go v1.24.0/go.mod h1:LEj2LM3rBRQJxPZTB4KuzZkaZYnZPnvgIhb4pu07mx0=
github.com/aymanbagabas/go-osc52/v2 v2.0.1 h1:HwpRHbFMcZLEVr42D4p7XBqjyuxQH5SMiErDT4WkJ2k=
github.com/aymanbagabas/go-osc52/v2 v2.0.1/go.mod h1:uYgXzlJ7ZpABp8OJ+exZzJJhRNQ2ASbcXHWsFqH8hp8=
github.com/charmbracelet/colorprofile v0.3.3 h1:DjJzJtLP6/NZ8p7Cgjno0CKGr7wwRJGxWUwh2IyhfAI=
github.com/charmbracelet/colorprofile v0.3.3/go.mod h1:nB1FugsAbzq284eJcjfah2nhdSLppN2NqvfotkfRYP4=
github.com/charmbracelet/lipgloss v1.1.0 h1:vYXsiLHVkK7fp74RkV7b2kq9+zDLoEU4MZoFqR/noCY=
github.com/charmbracelet/lipgloss v1.1.0/go.mod h1:/6Q8FR2o+kj8rz4Dq0zQc3vYf7X+B0binUUBwA0aL30=
github.com/charmbracelet/log v0.4.2 h1:hYt8Qj6a8yLnvR+h7MwsJv/XvmBJXiueUcI3cIxsyig=
github.com/charmbracelet/log v0.4.2/go.mod h1:qifHGX/tc7eluv2R6pWIpyHDDrrb/AG71Pf2ysQu5nw=
github.com/charmbracelet/x/ansi v0.11.2 h1:XAG3FSjiVtFvgEgGrNBkCNNYrsucAt8c6bfxHyROLLs=
github.com/charmbracelet/x/ansi v0.11.2/go.mod h1:9tY2bzX5SiJCU0iWyskjBeI2BRQfvPqI+J760Mjf+Rg=
github.com/charmbracelet/x/cellbuf v0.0.14 h1:iUEMryGyFTelKW3THW4+FfPgi4fkmKnnaLOXuc+/Kj4=
github.com/charmbracelet/x/cellbuf v0.0.14/go.mod h1:P447lJl49ywBbil/KjCk2HexGh4tEY9LH0/1QrZZ9rA=
github.com/charmbracelet/x/term v0.2.2 h1:xVRT/S2ZcKdhhOuSP4t5cLi5o+JxklsoEObBSgfgZRk=
github.com/charmbracelet/x/term v0.2.2/go.mod h1:kF8CY5RddLWrsgVwpw4kAa6TESp6EB5y3uxGLeCqzAI=
github.com/clipperhouse/displaywidth v0.6.0 h1:k32vueaksef9WIKCNcoqRNyKbyvkvkysNYnAWz2fN4s=
github.com/clipperhouse/displaywidth v0.6.0/go.mod h1:R+kHuzaYWFkTm7xoMmK1lFydbci4X2CicfbGstSGg0o=
github.com/clipperhouse/displaywidth v0.6.1 h1:/zMlAezfDzT2xy6acHBzwIfyu2ic0hgkT83UX5EY2gY=
github.com/clipperhouse/displaywidth v0.6.1/go.mod h1:R+kHuzaYWFkTm7xoMmK1lFydbci4X2CicfbGstSGg0o=
github.com/clipperhouse/stringish v0.1.1 h1:+NSqMOr3GR6k1FdRhhnXrLfztGzuG+VuFDfatpWHKCs=
github.com/clipperhouse/stringish v0.1.1/go.mod h1:v/WhFtE1q0ovMta2+m+UbpZ+2/HEXNWYXQgCt4hdOzA=
github.com/clipperhouse/uax29/v2 v2.3.0 h1:SNdx9DVUqMoBuBoW3iLOj4FQv3dN5mDtuqwuhIGpJy4=
github.com/clipperhouse/uax29/v2 v2.3.0/go.mod h1:Wn1g7MK6OoeDT0vL+Q0SQLDz/KpfsVRgg6W7ihQeh4g=
github.com/cpuguy83/go-md2man/v2 v2.0.6/go.mod h1:oOW0eioCTA6cOiMLiUPZOpcVxMig6NIQQ7OS05n1F4g=
github.com/davecgh/go-spew v1.1.1 h1:vj9j/u1bqnvCEfJOwUhtlOARqs3+rkHYY13jYWTU97c=
github.com/davecgh/go-spew v1.1.1/go.mod h1:J7Y8YcW2NihsgmVo/mv3lAwl/skON4iLHjSsI+c5H38=
github.com/davecgh/go-spew v1.1.2-0.20180830191138-d8f796af33cc h1:U9qPSI2PIWSS1VwoXQT9A3Wy9MM3WgvqSxFWenqJduM=
github.com/duckdb/duckdb-go-bindings v0.1.23 h1:sJRXraxfC/gdHI2T7oHqrdp1VdKemrgqWGQ8986mH1c=
github.com/duckdb/duckdb-go-bindings v0.1.23/go.mod h1:WA7U/o+b37MK2kiOPPueVZ+FIxt5AZFCjszi8hHeH18=
github.com/duckdb/duckdb-go-bindings/darwin-amd64 v0.1.23 h1:Xyw1fWu4jzOtv2Hqkaehr7f+qbIWNRfBMbZyD+g8dyU=
github.com/duckdb/duckdb-go-bindings/darwin-amd64 v0.1.23/go.mod h1:jfbOHwGZqNCpMAxV4g4g5jmWr0gKdMvh2fGusPubxC4=
github.com/duckdb/duckdb-go-bindings/darwin-arm64 v0.1.23 h1:85Xomx5NxZ+Nt+VepUJzuMYbBTH+nB6JlBXIyJuTovA=
github.com/duckdb/duckdb-go-bindings/darwin-arm64 v0.1.23/go.mod h1:zLVtv1a7TBuTPvuAi32AIbnuw7jjaX5JElZ+urv1ydc=
github.com/duckdb/duckdb-go-bindings/linux-amd64 v0.1.23 h1:RGw8mDqQl9JdlCYV0PAfGBuVAgOguiL5Vz5W8pH8fGw=
github.com/duckdb/duckdb-go-bindings/linux-amd64 v0.1.23/go.mod h1:GCaBoYnuLZEva7BXzdXehTbqh9VSvpLB80xcmxGBGs8=
github.com/duckdb/duckdb-go-bindings/linux-arm64 v0.1.23 h1:f8NHa8DGes7vg55BxeMVm0ycddEJTRHEt813USdL0/I=
github.com/duckdb/duckdb-go-bindings/linux-arm64 v0.1.23/go.mod h1:kpQSpJmDSSZQ3ikbZR1/8UqecqMeUkWFjFX2xZxlCuI=
github.com/duckdb/duckdb-go-bindings/windows-amd64 v0.1.23 h1:HJqVo+09gT6LQWW6PlN/c7K8s0eQhv5giE7kJcMGMSU=
github.com/duckdb/duckdb-go-bindings/windows-amd64 v0.1.23/go.mod h1:wa+egSGXTPS16NPADFCK1yFyt3VSXxUS6Pt2fLnvRPM=
github.com/duckdb/duckdb-go/arrowmapping v0.0.26 h1:XKhWpNkLtIbcBE2vnKm7FaAju3daplxo8MJIXOAY/Zg=
github.com/duckdb/duckdb-go/arrowmapping v0.0.26/go.mod h1:R7egXxZcy0hxKY/MsoM2xjkMvRo4H07TffDhYCnhKfQ=
github.com/duckdb/duckdb-go/mapping v0.0.25 h1:z4RhivKCIRv0MWQwtYekqH+ikoA29/n8L+rzgreKvsc=
github.com/duckdb/duckdb-go/mapping v0.0.25/go.mod h1:CIo3WbNx3Txl+VO9+P5eNCN9ZifUA/KIp9NY1rTG/uo=
github.com/duckdb/duckdb-go/v2 v2.5.3 h1:GlT+bXW+/gCYo0Q8P9L6IvvKRzMM0/tDXj5fKkoAfCM=
github.com/duckdb/duckdb-go/v2 v2.5.3/go.mod h1:+mGhZCF5tHYIdBWrp7+KGj6JnTXdm+sBTh3ZSLhXorE=
github.com/gabriel-vasile/mimetype v1.4.10 h1:zyueNbySn/z8mJZHLt6IPw0KoZsiQNszIpU+bX4+ZK0=
github.com/gabriel-vasile/mimetype v1.4.10/go.mod h1:d+9Oxyo1wTzWdyVUPMmXFvp4F9tea18J8ufA774AB3s=
github.com/go-logfmt/logfmt v0.6.1 h1:4hvbpePJKnIzH1B+8OR/JPbTx37NktoI9LE2QZBBkvE=
github.com/go-logfmt/logfmt v0.6.1/go.mod h1:EV2pOAQoZaT1ZXZbqDl5hrymndi4SY9ED9/z6CO0XAk=
github.com/go-playground/locales v0.14.1 h1:EWaQ/wswjilfKLTECiXz7Rh+3BjFhfDFKv/oXslEjJA=
github.com/go-playground/locales v0.14.1/go.mod h1:hxrqLVvrK65+Rwrd5Fc6F2O76J/NuW9t0sjnWqG1slY=
github.com/go-playground/universal-translator v0.18.1 h1:Bcnm0ZwsGyWbCzImXv+pAJnYK9S473LQFuzCbDbfSFY=
github.com/go-playground/universal-translator v0.18.1/go.mod h1:xekY+UJKNuX9WP91TpwSH2VMlDf28Uj24BCp08ZFTUY=
github.com/go-playground/validator/v10 v10.28.0 h1:Q7ibns33JjyW48gHkuFT91qX48KG0ktULL6FgHdG688=
github.com/go-playground/validator/v10 v10.28.0/go.mod h1:GoI6I1SjPBh9p7ykNE/yj3fFYbyDOpwMn5KXd+m2hUU=
github.com/go-viper/mapstructure/v2 v2.4.0 h1:EBsztssimR/CONLSZZ04E8qAkxNYq4Qp9LvH92wZUgs=
github.com/go-viper/mapstructure/v2 v2.4.0/go.mod h1:oJDH3BJKyqBA2TXFhDsKDGDTlndYOZ6rGS0BRZIxGhM=
github.com/goccy/go-json v0.10.5 h1:Fq85nIqj+gXn/S5ahsiTlK3TmC85qgirsdTP/+DeaC4=
github.com/goccy/go-json v0.10.5/go.mod h1:oq7eo15ShAhp70Anwd5lgX2pLfOS3QCiwU/PULtXL6M=
github.com/google/flatbuffers v25.2.10+incompatible h1:F3vclr7C3HpB1k9mxCGRMXq6FdUalZ6H/pNX4FP1v0Q=
github.com/google/flatbuffers v25.2.10+incompatible/go.mod h1:1AeVuKshWv4vARoZatz6mlQ0JxURH0Kv5+zNeJKJCa8=
github.com/google/go-cmp v0.7.0 h1:wk8382ETsv4JYUZwIsn6YpYiWiBsYLSJiTsyBybVuN8=
github.com/google/go-cmp v0.7.0/go.mod h1:pXiqmnSA92OHEEa9HXL2W4E7lf9JzCmGVUdgjX3N/iU=
github.com/google/uuid v1.6.0 h1:NIvaJDMOsjHA8n1jAhLSgzrAzy1Hgr+hNrb57e+94F0=
github.com/google/uuid v1.6.0/go.mod h1:TIyPZe4MgqvfeYDBFedMoGGpEw/LqOeaOT+nhxU+yHo=
github.com/inconshreveable/mousetrap v1.1.0 h1:wN+x4NVGpMsO7ErUn/mUI3vEoE6Jt13X2s0bqwp9tc8=
github.com/inconshreveable/mousetrap v1.1.0/go.mod h1:vpF70FUmC8bwa3OWnCshd2FqLfsEA9PFc4w1p2J65bw=
github.com/klauspost/compress v1.18.0 h1:c/Cqfb0r+Yi+JtIEq73FWXVkRonBlf0CRNYc8Zttxdo=
github.com/klauspost/compress v1.18.0/go.mod h1:2Pp+KzxcywXVXMr50+X0Q/Lsb43OQHYWRCY2AiWywWQ=
github.com/klauspost/cpuid/v2 v2.3.0 h1:S4CRMLnYUhGeDFDqkGriYKdfoFlDnMtqTiI/sFzhA9Y=
github.com/klauspost/cpuid/v2 v2.3.0/go.mod h1:hqwkgyIinND0mEev00jJYCxPNVRVXFQeu1XKlok6oO0=
github.com/leodido/go-urn v1.4.0 h1:WT9HwE9SGECu3lg4d/dIA+jxlljEa1/ffXKmRjqdmIQ=
github.com/leodido/go-urn v1.4.0/go.mod h1:bvxc+MVxLKB4z00jd1z+Dvzr47oO32F/QSNjSBOlFxI=
github.com/lucasb-eyer/go-colorful v1.3.0 h1:2/yBRLdWBZKrf7gB40FoiKfAWYQ0lqNcbuQwVHXptag=
github.com/lucasb-eyer/go-colorful v1.3.0/go.mod h1:R4dSotOR9KMtayYi1e77YzuveK+i7ruzyGqttikkLy0=
github.com/mattn/go-isatty v0.0.20 h1:xfD0iDuEKnDkl03q4limB+vH+GxLEtL/jb4xVJSWWEY=
github.com/mattn/go-isatty v0.0.20/go.mod h1:W+V8PltTTMOvKvAeJH7IuucS94S2C6jfK/D7dTCTo3Y=
github.com/mattn/go-runewidth v0.0.19 h1:v++JhqYnZuu5jSKrk9RbgF5v4CGUjqRfBm05byFGLdw=
github.com/mattn/go-runewidth v0.0.19/go.mod h1:XBkDxAl56ILZc9knddidhrOlY5R/pDhgLpndooCuJAs=
github.com/muesli/termenv v0.16.0 h1:S5AlUN9dENB57rsbnkPyfdGuWIlkmzJjbFf0Tf5FWUc=
github.com/muesli/termenv v0.16.0/go.mod h1:ZRfOIKPFDYQoDFF4Olj7/QJbW60Ol/kL1pU3VfY/Cnk=
github.com/pierrec/lz4/v4 v4.1.22 h1:cKFw6uJDK+/gfw5BcDL0JL5aBsAFdsIT18eRtLj7VIU=
github.com/pierrec/lz4/v4 v4.1.22/go.mod h1:gZWDp/Ze/IJXGXf23ltt2EXimqmTUXEy0GFuRQyBid4=
github.com/pmezard/go-difflib v1.0.0 h1:4DBwDE0NGyQoBHbLQYPwSUPoCMWR5BEzIk/f1lZbAQM=
github.com/pmezard/go-difflib v1.0.0/go.mod h1:iKH77koFhYxTK1pcRnkKkqfTogsbg7gZNVY4sRDYZ/4=
github.com/pmezard/go-difflib v1.0.1-0.20181226105442-5d4384ee4fb2 h1:Jamvg5psRIccs7FGNTlIRMkT8wgtp5eCXdBlqhYGL6U=
github.com/rivo/uniseg v0.4.7 h1:WUdvkW8uEhrYfLC4ZzdpI2ztxP1I582+49Oc5Mq64VQ=
github.com/rivo/uniseg v0.4.7/go.mod h1:FN3SvrM+Zdj16jyLfmOkMNblXMcoc8DfTHruCPUcx88=
github.com/russross/blackfriday/v2 v2.1.0/go.mod h1:+Rmxgy9KzJVeS9/2gXHxylqXiyQDYRxCVz55jmeOWTM=
github.com/spf13/cobra v1.10.1 h1:lJeBwCfmrnXthfAupyUTzJ/J4Nc1RsHC/mSRU2dll/s=
github.com/spf13/cobra v1.10.1/go.mod h1:7SmJGaTHFVBY0jW4NXGluQoLvhqFQM+6XSKD+P4XaB0=
github.com/spf13/cobra v1.10.2 h1:DMTTonx5m65Ic0GOoRY2c16WCbHxOOw6xxezuLaBpcU=
github.com/spf13/cobra v1.10.2/go.mod h1:7C1pvHqHw5A4vrJfjNwvOdzYu0Gml16OCs2GRiTUUS4=
github.com/spf13/pflag v1.0.9/go.mod h1:McXfInJRrz4CZXVZOBLb0bTZqETkiAhM9Iw0y3An2Bg=
github.com/spf13/pflag v1.0.10 h1:4EBh2KAYBwaONj6b2Ye1GiHfwjqyROoF4RwYO+vPwFk=
github.com/spf13/pflag v1.0.10/go.mod h1:McXfInJRrz4CZXVZOBLb0bTZqETkiAhM9Iw0y3An2Bg=
github.com/stretchr/testify v1.10.0 h1:Xv5erBjTwe/5IxqUQTdXv5kgmIvbHo3QQyRwhJsOfJA=
github.com/stretchr/testify v1.10.0/go.mod h1:r2ic/lqez/lEtzL7wO/rwa5dbSLXVDPFyf8C91i36aY=
github.com/stretchr/testify v1.11.1 h1:7s2iGBzp5EwR7/aIZr8ao5+dra3wiQyKjjFuvgVKu7U=
github.com/xo/terminfo v0.0.0-20220910002029-abceb7e1c41e h1:JVG44RsyaB9T2KIHavMF/ppJZNG9ZpyihvCd0w101no=
github.com/xo/terminfo v0.0.0-20220910002029-abceb7e1c41e/go.mod h1:RbqR21r5mrJuqunuUZ/Dhy/avygyECGrLceyNeo4LiM=
github.com/zeebo/xxh3 v1.0.2 h1:xZmwmqxHZA8AI603jOQ0tMqmBr9lPeFwGg6d+xy9DC0=
github.com/zeebo/xxh3 v1.0.2/go.mod h1:5NWz9Sef7zIDm2JHfFlcQvNekmcEl9ekUZQQKCYaDcA=
go.yaml.in/yaml/v3 v3.0.4/go.mod h1:DhzuOOF2ATzADvBadXxruRBLzYTpT36CKvDb3+aBEFg=
golang.org/x/crypto v0.42.0 h1:chiH31gIWm57EkTXpwnqf8qeuMUi0yekh6mT2AvFlqI=
golang.org/x/crypto v0.42.0/go.mod h1:4+rDnOTJhQCx2q7/j6rAN5XDw8kPjeaXEUR2eL94ix8=
golang.org/x/exp v0.0.0-20251125195548-87e1e737ad39 h1:DHNhtq3sNNzrvduZZIiFyXWOL9IWaDPHqTnLJp+rCBY=
golang.org/x/exp v0.0.0-20251125195548-87e1e737ad39/go.mod h1:46edojNIoXTNOhySWIWdix628clX9ODXwPsQuG6hsK0=
golang.org/x/mod v0.30.0 h1:fDEXFVZ/fmCKProc/yAXXUijritrDzahmwwefnjoPFk=
golang.org/x/mod v0.30.0/go.mod h1:lAsf5O2EvJeSFMiBxXDki7sCgAxEUcZHXoXMKT4GJKc=
golang.org/x/sync v0.18.0 h1:kr88TuHDroi+UVf+0hZnirlk8o8T+4MrK6mr60WkH/I=
golang.org/x/sync v0.18.0/go.mod h1:9KTHXmSnoGruLpwFjVSX0lNNA75CykiMECbovNTZqGI=
golang.org/x/sys v0.6.0/go.mod h1:oPkhp1MJrh7nUepCBck5+mAzfO9JrbApNNgaTdGDITg=
golang.org/x/sys v0.38.0 h1:3yZWxaJjBmCWXqhN1qh02AkOnCQ1poK6oF+a7xWL6Gc=
golang.org/x/sys v0.38.0/go.mod h1:OgkHotnGiDImocRcuBABYBEXf8A9a87e/uXjp9XT3ks=
golang.org/x/telemetry v0.0.0-20251111182119-bc8e575c7b54 h1:E2/AqCUMZGgd73TQkxUMcMla25GB9i/5HOdLr+uH7Vo=
golang.org/x/telemetry v0.0.0-20251111182119-bc8e575c7b54/go.mod h1:hKdjCMrbv9skySur+Nek8Hd0uJ0GuxJIoIX2payrIdQ=
golang.org/x/text v0.29.0 h1:1neNs90w9YzJ9BocxfsQNHKuAT4pkghyXc4nhZ6sJvk=
golang.org/x/text v0.29.0/go.mod h1:7MhJOA9CD2qZyOKYazxdYMF85OwPdEr9jTtBpO7ydH4=
golang.org/x/tools v0.39.0 h1:ik4ho21kwuQln40uelmciQPp9SipgNDdrafrYA4TmQQ=
golang.org/x/tools v0.39.0/go.mod h1:JnefbkDPyD8UU2kI5fuf8ZX4/yUeh9W877ZeBONxUqQ=
golang.org/x/xerrors v0.0.0-20240903120638-7835f813f4da h1:noIWHXmPHxILtqtCOPIhSt0ABwskkZKjD3bXGnZGpNY=
golang.org/x/xerrors v0.0.0-20240903120638-7835f813f4da/go.mod h1:NDW/Ps6MPRej6fsCIbMTohpP40sJ/P/vI1MoTEGwX90=
gopkg.in/check.v1 v0.0.0-20161208181325-20d25e280405/go.mod h1:Co6ibVJAznAaIkqp8huTwlJQCZ016jof/cbN4VW5Yz0=
gopkg.in/yaml.v3 v3.0.1 h1:fxVm/GzAzEWqLHuvctI91KS9hhNmmWOoWu0XTYJS7CA=
gopkg.in/yaml.v3 v3.0.1/go.mod h1:K4uyk7z7BCEPqu6E+C64Yfv1cQ7kz7rIZviUmN+EgEM=
